
Microsoft Visual Studio Solution File, Format Version 12.00
# Visual Studio Version 17
VisualStudioVersion = 17.12.35527.113 d17.12
MinimumVisualStudioVersion = 10.0.40219.1
Project("{2150E333-8FDC-42A3-9474-1A3956D46DE8}") = "1.presentaciones", "1.presentaciones", "{22925AFA-0BC3-439B-9127-7F60CE5E41A2}"
EndProject
Project("{2150E333-8FDC-42A3-9474-1A3956D46DE8}") = "2.servicios", "2.servicios", "{E3AE87D0-3D12-4388-A012-0F0C2C3BF95B}"
EndProject
Project("{2150E333-8FDC-42A3-9474-1A3956D46DE8}") = "3.nucleo", "3.nucleo", "{0B9FD584-221E-4BBF-AAF0-A2F47857F1E4}"
EndProject
Project("{2150E333-8FDC-42A3-9474-1A3956D46DE8}") = "4.pruebas unitarias", "4.pruebas unitarias", "{6D71A4CE-426A-4481-BB26-4A198E9526C2}"
EndProject
Project("{FAE04EC0-301F-11D3-BF4B-00C04F79EFBC}") = "lib_dominio", "lib_dominio\lib_dominio.csproj", "{934F4AC3-A415-4A0C-B1FD-6F5530A94D24}"
EndProject
Project("{FAE04EC0-301F-11D3-BF4B-00C04F79EFBC}") = "lib_repositorios", "lib_repositorios\lib_repositorios.csproj", "{AB0E146F-3BE6-40ED-8D7A-35846FD01B6A}"
EndProject
Project("{FAE04EC0-301F-11D3-BF4B-00C04F79EFBC}") = "urt_presentaciones", "urt_presentaciones\urt_presentaciones.csproj", "{1F25CECF-A788-4321-A81F-22A5898540C5}"
EndProject
Project("{2150E333-8FDC-42A3-9474-1A3956D46DE8}") = "items", "items", "{D74CF11C-47BC-4355-98CF-7E50AE0FE04B}"
	ProjectSection(SolutionItems) = preProject
		Secretos.json = Secretos.json
	EndProjectSection
EndProject
Project("{FAE04EC0-301F-11D3-BF4B-00C04F79EFBC}") = "lib_aplicaciones", "lib_aplicaciones\lib_aplicaciones.csproj", "{D6C75390-5F8D-4CC3-9831-63651CE2FBF6}"
EndProject
Project("{FAE04EC0-301F-11D3-BF4B-00C04F79EFBC}") = "asp_servicios", "asp_servicios\asp_servicios.csproj", "{B7311FB3-D208-4B27-A111-277D7AAAF00F}"
EndProject
Global
	GlobalSection(SolutionConfigurationPlatforms) = preSolution
		Debug|Any CPU = Debug|Any CPU
		Release|Any CPU = Release|Any CPU
	EndGlobalSection
	GlobalSection(ProjectConfigurationPlatforms) = postSolution
		{934F4AC3-A415-4A0C-B1FD-6F5530A94D24}.Debug|Any CPU.ActiveCfg = Debug|Any CPU
		{934F4AC3-A415-4A0C-B1FD-6F5530A94D24}.Debug|Any CPU.Build.0 = Debug|Any CPU
		{934F4AC3-A415-4A0C-B1FD-6F5530A94D24}.Release|Any CPU.ActiveCfg = Release|Any CPU
		{934F4AC3-A415-4A0C-B1FD-6F5530A94D24}.Release|Any CPU.Build.0 = Release|Any CPU
		{AB0E146F-3BE6-40ED-8D7A-35846FD01B6A}.Debug|Any CPU.ActiveCfg = Debug|Any CPU
		{AB0E146F-3BE6-40ED-8D7A-35846FD01B6A}.Debug|Any CPU.Build.0 = Debug|Any CPU
		{AB0E146F-3BE6-40ED-8D7A-35846FD01B6A}.Release|Any CPU.ActiveCfg = Release|Any CPU
		{AB0E146F-3BE6-40ED-8D7A-35846FD01B6A}.Release|Any CPU.Build.0 = Release|Any CPU
		{1F25CECF-A788-4321-A81F-22A5898540C5}.Debug|Any CPU.ActiveCfg = Debug|Any CPU
		{1F25CECF-A788-4321-A81F-22A5898540C5}.Debug|Any CPU.Build.0 = Debug|Any CPU
		{1F25CECF-A788-4321-A81F-22A5898540C5}.Release|Any CPU.ActiveCfg = Release|Any CPU
		{1F25CECF-A788-4321-A81F-22A5898540C5}.Release|Any CPU.Build.0 = Release|Any CPU
		{D6C75390-5F8D-4CC3-9831-63651CE2FBF6}.Debug|Any CPU.ActiveCfg = Debug|Any CPU
		{D6C75390-5F8D-4CC3-9831-63651CE2FBF6}.Debug|Any CPU.Build.0 = Debug|Any CPU
		{D6C75390-5F8D-4CC3-9831-63651CE2FBF6}.Release|Any CPU.ActiveCfg = Release|Any CPU
		{D6C75390-5F8D-4CC3-9831-63651CE2FBF6}.Release|Any CPU.Build.0 = Release|Any CPU
		{B7311FB3-D208-4B27-A111-277D7AAAF00F}.Debug|Any CPU.ActiveCfg = Debug|Any CPU
		{B7311FB3-D208-4B27-A111-277D7AAAF00F}.Debug|Any CPU.Build.0 = Debug|Any CPU
		{B7311FB3-D208-4B27-A111-277D7AAAF00F}.Release|Any CPU.ActiveCfg = Release|Any CPU
		{B7311FB3-D208-4B27-A111-277D7AAAF00F}.Release|Any CPU.Build.0 = Release|Any CPU
	EndGlobalSection
	GlobalSection(SolutionProperties) = preSolution
		HideSolutionNode = FALSE
	EndGlobalSection
	GlobalSection(NestedProjects) = preSolution
		{934F4AC3-A415-4A0C-B1FD-6F5530A94D24} = {0B9FD584-221E-4BBF-AAF0-A2F47857F1E4}
		{AB0E146F-3BE6-40ED-8D7A-35846FD01B6A} = {E3AE87D0-3D12-4388-A012-0F0C2C3BF95B}
		{1F25CECF-A788-4321-A81F-22A5898540C5} = {6D71A4CE-426A-4481-BB26-4A198E9526C2}
		{D74CF11C-47BC-4355-98CF-7E50AE0FE04B} = {6D71A4CE-426A-4481-BB26-4A198E9526C2}
		{D6C75390-5F8D-4CC3-9831-63651CE2FBF6} = {E3AE87D0-3D12-4388-A012-0F0C2C3BF95B}
		{B7311FB3-D208-4B27-A111-277D7AAAF00F} = {E3AE87D0-3D12-4388-A012-0F0C2C3BF95B}
	EndGlobalSection
EndGlobal
